
Microsoft Visual Studio Solution File, Format Version 12.00
# Visual Studio Version 17
VisualStudioVersion = 17.1.32407.343
MinimumVisualStudioVersion = 10.0.40219.1
Project("{FAE04EC0-301F-11D3-BF4B-00C04F79EFBC}") = "PlusOneToNumber", "PlusOneToNumber.csproj", "{60CF0E0D-3563-4A73-87DE-0615281B37FF}"
EndProject
Global
	GlobalSection(SolutionConfigurationPlatforms) = preSolution
		Debug|Any CPU = Debug|Any CPU
		Release|Any CPU = Release|Any CPU
	EndGlobalSection
	GlobalSection(ProjectConfigurationPlatforms) = postSolution
		{60CF0E0D-3563-4A73-87DE-0615281B37FF}.Debug|Any CPU.ActiveCfg = Debug|Any CPU
		{60CF0E0D-3563-4A73-87DE-0615281B37FF}.Debug|Any CPU.Build.0 = Debug|Any CPU
		{60CF0E0D-3563-4A73-87DE-0615281B37FF}.Release|Any CPU.ActiveCfg = Release|Any CPU
		{60CF0E0D-3563-4A73-87DE-0615281B37FF}.Release|Any CPU.Build.0 = Release|Any CPU
	EndGlobalSection
	GlobalSection(SolutionProperties) = preSolution
		HideSolutionNode = FALSE
	EndGlobalSection
	GlobalSection(ExtensibilityGlobals) = postSolution
		SolutionGuid = {53ED05E5-09EB-44CC-BF7B-BB2EEAD6CBB0}
	EndGlobalSection
EndGlobal
